
Microsoft Visual Studio Solution File, Format Version 12.00
# Visual Studio 14
VisualStudioVersion = 14.0.23107.0
MinimumVisualStudioVersion = 10.0.40219.1
Project("{8BC9CEB8-8B4A-11D0-8D11-00A0C91BC942}") = "SipClientRccDummy", "SipClientRccDummy\SipClientRccDummy.vcxproj", "{EBC0BBB0-458C-41D9-A9F0-8402007D20A3}"
	ProjectSection(ProjectDependencies) = postProject
		{CE7CF5E0-CAD1-49D6-95D1-143DED7B226E} = {CE7CF5E0-CAD1-49D6-95D1-143DED7B226E}
		{3D0E5CEB-93DC-4FDB-918B-D08FA369E106} = {3D0E5CEB-93DC-4FDB-918B-D08FA369E106}
	EndProjectSection
EndProject
Project("{8BC9CEB8-8B4A-11D0-8D11-00A0C91BC942}") = "rutil", "rutil\rutil_14_0.vcxproj", "{3D0E5CEB-93DC-4FDB-918B-D08FA369E106}"
EndProject
Project("{8BC9CEB8-8B4A-11D0-8D11-00A0C91BC942}") = "ares", "rutil\dns\ares\ares_14_0.vcxproj", "{CE7CF5E0-CAD1-49D6-95D1-143DED7B226E}"
EndProject
Global
	GlobalSection(SolutionConfigurationPlatforms) = preSolution
		Debug|x64 = Debug|x64
		Debug|x86 = Debug|x86
		Release|x64 = Release|x64
		Release|x86 = Release|x86
		SSL-Debug|x64 = SSL-Debug|x64
		SSL-Debug|x86 = SSL-Debug|x86
		SSL-Debug-MT|x64 = SSL-Debug-MT|x64
		SSL-Debug-MT|x86 = SSL-Debug-MT|x86
		SSL-Release|x64 = SSL-Release|x64
		SSL-Release|x86 = SSL-Release|x86
		SSL-Release-MT|x64 = SSL-Release-MT|x64
		SSL-Release-MT|x86 = SSL-Release-MT|x86
	EndGlobalSection
	GlobalSection(ProjectConfigurationPlatforms) = postSolution
		{EBC0BBB0-458C-41D9-A9F0-8402007D20A3}.Debug|x64.ActiveCfg = Debug|x64
		{EBC0BBB0-458C-41D9-A9F0-8402007D20A3}.Debug|x64.Build.0 = Debug|x64
		{EBC0BBB0-458C-41D9-A9F0-8402007D20A3}.Debug|x86.ActiveCfg = Debug|Win32
		{EBC0BBB0-458C-41D9-A9F0-8402007D20A3}.Debug|x86.Build.0 = Debug|Win32
		{EBC0BBB0-458C-41D9-A9F0-8402007D20A3}.Release|x64.ActiveCfg = Release|x64
		{EBC0BBB0-458C-41D9-A9F0-8402007D20A3}.Release|x64.Build.0 = Release|x64
		{EBC0BBB0-458C-41D9-A9F0-8402007D20A3}.Release|x86.ActiveCfg = Release|Win32
		{EBC0BBB0-458C-41D9-A9F0-8402007D20A3}.Release|x86.Build.0 = Release|Win32
		{EBC0BBB0-458C-41D9-A9F0-8402007D20A3}.SSL-Debug|x64.ActiveCfg = Debug|x64
		{EBC0BBB0-458C-41D9-A9F0-8402007D20A3}.SSL-Debug|x64.Build.0 = Debug|x64
		{EBC0BBB0-458C-41D9-A9F0-8402007D20A3}.SSL-Debug|x86.ActiveCfg = Debug|Win32
		{EBC0BBB0-458C-41D9-A9F0-8402007D20A3}.SSL-Debug|x86.Build.0 = Debug|Win32
		{EBC0BBB0-458C-41D9-A9F0-8402007D20A3}.SSL-Debug-MT|x64.ActiveCfg = Debug|x64
		{EBC0BBB0-458C-41D9-A9F0-8402007D20A3}.SSL-Debug-MT|x64.Build.0 = Debug|x64
		{EBC0BBB0-458C-41D9-A9F0-8402007D20A3}.SSL-Debug-MT|x86.ActiveCfg = Debug|Win32
		{EBC0BBB0-458C-41D9-A9F0-8402007D20A3}.SSL-Debug-MT|x86.Build.0 = Debug|Win32
		{EBC0BBB0-458C-41D9-A9F0-8402007D20A3}.SSL-Release|x64.ActiveCfg = Release|x64
		{EBC0BBB0-458C-41D9-A9F0-8402007D20A3}.SSL-Release|x64.Build.0 = Release|x64
		{EBC0BBB0-458C-41D9-A9F0-8402007D20A3}.SSL-Release|x86.ActiveCfg = Release|Win32
		{EBC0BBB0-458C-41D9-A9F0-8402007D20A3}.SSL-Release|x86.Build.0 = Release|Win32
		{EBC0BBB0-458C-41D9-A9F0-8402007D20A3}.SSL-Release-MT|x64.ActiveCfg = Release|x64
		{EBC0BBB0-458C-41D9-A9F0-8402007D20A3}.SSL-Release-MT|x64.Build.0 = Release|x64
		{EBC0BBB0-458C-41D9-A9F0-8402007D20A3}.SSL-Release-MT|x86.ActiveCfg = Release|Win32
		{EBC0BBB0-458C-41D9-A9F0-8402007D20A3}.SSL-Release-MT|x86.Build.0 = Release|Win32
		{3D0E5CEB-93DC-4FDB-918B-D08FA369E106}.Debug|x64.ActiveCfg = Debug|x64
		{3D0E5CEB-93DC-4FDB-918B-D08FA369E106}.Debug|x64.Build.0 = Debug|x64
		{3D0E5CEB-93DC-4FDB-918B-D08FA369E106}.Debug|x86.ActiveCfg = Debug|Win32
		{3D0E5CEB-93DC-4FDB-918B-D08FA369E106}.Debug|x86.Build.0 = Debug|Win32
		{3D0E5CEB-93DC-4FDB-918B-D08FA369E106}.Release|x64.ActiveCfg = Release|x64
		{3D0E5CEB-93DC-4FDB-918B-D08FA369E106}.Release|x64.Build.0 = Release|x64
		{3D0E5CEB-93DC-4FDB-918B-D08FA369E106}.Release|x86.ActiveCfg = Release|Win32
		{3D0E5CEB-93DC-4FDB-918B-D08FA369E106}.Release|x86.Build.0 = Release|Win32
		{3D0E5CEB-93DC-4FDB-918B-D08FA369E106}.SSL-Debug|x64.ActiveCfg = SSL-Debug|x64
		{3D0E5CEB-93DC-4FDB-918B-D08FA369E106}.SSL-Debug|x64.Build.0 = SSL-Debug|x64
		{3D0E5CEB-93DC-4FDB-918B-D08FA369E106}.SSL-Debug|x86.ActiveCfg = SSL-Debug|Win32
		{3D0E5CEB-93DC-4FDB-918B-D08FA369E106}.SSL-Debug|x86.Build.0 = SSL-Debug|Win32
		{3D0E5CEB-93DC-4FDB-918B-D08FA369E106}.SSL-Debug-MT|x64.ActiveCfg = SSL-Debug-MT|x64
		{3D0E5CEB-93DC-4FDB-918B-D08FA369E106}.SSL-Debug-MT|x64.Build.0 = SSL-Debug-MT|x64
		{3D0E5CEB-93DC-4FDB-918B-D08FA369E106}.SSL-Debug-MT|x86.ActiveCfg = SSL-Debug-MT|Win32
		{3D0E5CEB-93DC-4FDB-918B-D08FA369E106}.SSL-Debug-MT|x86.Build.0 = SSL-Debug-MT|Win32
		{3D0E5CEB-93DC-4FDB-918B-D08FA369E106}.SSL-Release|x64.ActiveCfg = SSL-Release|x64
		{3D0E5CEB-93DC-4FDB-918B-D08FA369E106}.SSL-Release|x64.Build.0 = SSL-Release|x64
		{3D0E5CEB-93DC-4FDB-918B-D08FA369E106}.SSL-Release|x86.ActiveCfg = SSL-Release|Win32
		{3D0E5CEB-93DC-4FDB-918B-D08FA369E106}.SSL-Release|x86.Build.0 = SSL-Release|Win32
		{3D0E5CEB-93DC-4FDB-918B-D08FA369E106}.SSL-Release-MT|x64.ActiveCfg = SSL-Release-MT|x64
		{3D0E5CEB-93DC-4FDB-918B-D08FA369E106}.SSL-Release-MT|x64.Build.0 = SSL-Release-MT|x64
		{3D0E5CEB-93DC-4FDB-918B-D08FA369E106}.SSL-Release-MT|x86.ActiveCfg = SSL-Release-MT|Win32
		{3D0E5CEB-93DC-4FDB-918B-D08FA369E106}.SSL-Release-MT|x86.Build.0 = SSL-Release-MT|Win32
		{CE7CF5E0-CAD1-49D6-95D1-143DED7B226E}.Debug|x64.ActiveCfg = Debug|x64
		{CE7CF5E0-CAD1-49D6-95D1-143DED7B226E}.Debug|x64.Build.0 = Debug|x64
		{CE7CF5E0-CAD1-49D6-95D1-143DED7B226E}.Debug|x86.ActiveCfg = Debug|Win32
		{CE7CF5E0-CAD1-49D6-95D1-143DED7B226E}.Debug|x86.Build.0 = Debug|Win32
		{CE7CF5E0-CAD1-49D6-95D1-143DED7B226E}.Release|x64.ActiveCfg = Release|x64
		{CE7CF5E0-CAD1-49D6-95D1-143DED7B226E}.Release|x64.Build.0 = Release|x64
		{CE7CF5E0-CAD1-49D6-95D1-143DED7B226E}.Release|x86.ActiveCfg = Release|Win32
		{CE7CF5E0-CAD1-49D6-95D1-143DED7B226E}.Release|x86.Build.0 = Release|Win32
		{CE7CF5E0-CAD1-49D6-95D1-143DED7B226E}.SSL-Debug|x64.ActiveCfg = SSL-Debug|x64
		{CE7CF5E0-CAD1-49D6-95D1-143DED7B226E}.SSL-Debug|x64.Build.0 = SSL-Debug|x64
		{CE7CF5E0-CAD1-49D6-95D1-143DED7B226E}.SSL-Debug|x86.ActiveCfg = SSL-Debug|Win32
		{CE7CF5E0-CAD1-49D6-95D1-143DED7B226E}.SSL-Debug|x86.Build.0 = SSL-Debug|Win32
		{CE7CF5E0-CAD1-49D6-95D1-143DED7B226E}.SSL-Debug-MT|x64.ActiveCfg = SSL-Debug-MT|x64
		{CE7CF5E0-CAD1-49D6-95D1-143DED7B226E}.SSL-Debug-MT|x64.Build.0 = SSL-Debug-MT|x64
		{CE7CF5E0-CAD1-49D6-95D1-143DED7B226E}.SSL-Debug-MT|x86.ActiveCfg = SSL-Debug-MT|Win32
		{CE7CF5E0-CAD1-49D6-95D1-143DED7B226E}.SSL-Debug-MT|x86.Build.0 = SSL-Debug-MT|Win32
		{CE7CF5E0-CAD1-49D6-95D1-143DED7B226E}.SSL-Release|x64.ActiveCfg = SSL-Release|x64
		{CE7CF5E0-CAD1-49D6-95D1-143DED7B226E}.SSL-Release|x64.Build.0 = SSL-Release|x64
		{CE7CF5E0-CAD1-49D6-95D1-143DED7B226E}.SSL-Release|x86.ActiveCfg = SSL-Release|Win32
		{CE7CF5E0-CAD1-49D6-95D1-143DED7B226E}.SSL-Release|x86.Build.0 = SSL-Release|Win32
		{CE7CF5E0-CAD1-49D6-95D1-143DED7B226E}.SSL-Release-MT|x64.ActiveCfg = SSL-Release-MT|x64
		{CE7CF5E0-CAD1-49D6-95D1-143DED7B226E}.SSL-Release-MT|x64.Build.0 = SSL-Release-MT|x64
		{CE7CF5E0-CAD1-49D6-95D1-143DED7B226E}.SSL-Release-MT|x86.ActiveCfg = SSL-Release-MT|Win32
		{CE7CF5E0-CAD1-49D6-95D1-143DED7B226E}.SSL-Release-MT|x86.Build.0 = SSL-Release-MT|Win32
	EndGlobalSection
	GlobalSection(SolutionProperties) = preSolution
		HideSolutionNode = FALSE
	EndGlobalSection
EndGlobal
