<?xml version="1.0" encoding="utf-8"?>
<Project ToolsVersion="4.0" xmlns="http://schemas.microsoft.com/developer/msbuild/2003">
  <ItemGroup>
    <Filter Include="源文件">
      <UniqueIdentifier>{4FC737F1-C7A5-4376-A066-2A32D752A2FF}</UniqueIdentifier>
      <Extensions>cpp;c;cc;cxx;def;odl;idl;hpj;bat;asm;asmx</Extensions>
    </Filter>
    <Filter Include="头文件">
      <UniqueIdentifier>{93995380-89BD-4b04-88EB-625FBE52EBFB}</UniqueIdentifier>
      <Extensions>h;hpp;hxx;hm;inl;inc;xsd</Extensions>
    </Filter>
    <Filter Include="资源文件">
      <UniqueIdentifier>{67DA6AB6-F800-4c08-8B7A-83BB121AAD01}</UniqueIdentifier>
      <Extensions>rc;ico;cur;bmp;dlg;rc2;rct;bin;rgs;gif;jpg;jpeg;jpe;resx;tiff;tif;png;wav</Extensions>
    </Filter>
  </ItemGroup>
  <ItemGroup>
    <ClCompile Include="AppSession.cpp">
      <Filter>源文件</Filter>
    </ClCompile>
    <ClCompile Include="AppThread.cpp">
      <Filter>源文件</Filter>
    </ClCompile>
    <ClCompile Include="DialerConfiguration.cpp">
      <Filter>源文件</Filter>
    </ClCompile>
    <ClCompile Include="DialInstance.cpp">
      <Filter>源文件</Filter>
    </ClCompile>
    <ClCompile Include="DumRecurringTask.cxx">
      <Filter>源文件</Filter>
    </ClCompile>
    <ClCompile Include="MyAppDialogSet.cpp">
      <Filter>源文件</Filter>
    </ClCompile>
    <ClCompile Include="MyAudioStream.cpp">
      <Filter>源文件</Filter>
    </ClCompile>
    <ClCompile Include="MyInviteSessionHandler.cpp">
      <Filter>源文件</Filter>
    </ClCompile>
    <ClCompile Include="MyRegistrationHandler.cpp">
      <Filter>源文件</Filter>
    </ClCompile>
    <ClCompile Include="MySipdialer.cpp">
      <Filter>源文件</Filter>
    </ClCompile>
    <ClCompile Include="MyVideoStream.cpp">
      <Filter>源文件</Filter>
    </ClCompile>
    <ClCompile Include="PhoneLine.cpp">
      <Filter>源文件</Filter>
    </ClCompile>
    <ClCompile Include="RegisterInstance.cpp">
      <Filter>源文件</Filter>
    </ClCompile>
    <ClCompile Include="SipUserAgent.cpp">
      <Filter>源文件</Filter>
    </ClCompile>
    <ClCompile Include="StreamParam.cpp">
      <Filter>源文件</Filter>
    </ClCompile>
    <ClCompile Include="TaskManager.cxx">
      <Filter>源文件</Filter>
    </ClCompile>
  </ItemGroup>
  <ItemGroup>
    <ClInclude Include="AppSession.hxx">
      <Filter>头文件</Filter>
    </ClInclude>
    <ClInclude Include="AppThread.hxx">
      <Filter>头文件</Filter>
    </ClInclude>
    <ClInclude Include="DialerConfiguration.hxx">
      <Filter>头文件</Filter>
    </ClInclude>
    <ClInclude Include="DialInstance.hxx">
      <Filter>头文件</Filter>
    </ClInclude>
    <ClInclude Include="DumRecurringTask.hxx">
      <Filter>头文件</Filter>
    </ClInclude>
    <ClInclude Include="MyAppDialogSet.hxx">
      <Filter>头文件</Filter>
    </ClInclude>
    <ClInclude Include="MyAudioStream.hxx">
      <Filter>头文件</Filter>
    </ClInclude>
    <ClInclude Include="MyInviteSessionHandler.hxx">
      <Filter>头文件</Filter>
    </ClInclude>
    <ClInclude Include="MyRegistrationHandler.hxx">
      <Filter>头文件</Filter>
    </ClInclude>
    <ClInclude Include="MySipDialer.hxx">
      <Filter>头文件</Filter>
    </ClInclude>
    <ClInclude Include="MyVideoStream.hxx">
      <Filter>头文件</Filter>
    </ClInclude>
    <ClInclude Include="PhoneLine.hxx">
      <Filter>头文件</Filter>
    </ClInclude>
    <ClInclude Include="RegisterInstance.hxx">
      <Filter>头文件</Filter>
    </ClInclude>
    <ClInclude Include="SipUserAgent.hxx">
      <Filter>头文件</Filter>
    </ClInclude>
    <ClInclude Include="StreamParam.hxx">
      <Filter>头文件</Filter>
    </ClInclude>
    <ClInclude Include="TaskManager.hxx">
      <Filter>头文件</Filter>
    </ClInclude>
  </ItemGroup>
  <ItemGroup>
    <Text Include="ReadMe.txt" />
  </ItemGroup>
</Project>